
Microsoft Visual Studio Solution File, Format Version 12.00
# Visual Studio 15
Project("{FAE04EC0-301F-11D3-BF4B-00C04F79EFBC}") = "Assembly-CSharp", "Assembly-CSharp.csproj", "{A9C1B679-F607-748D-2A80-F3270EF22F0C}"
EndProject
Project("{FAE04EC0-301F-11D3-BF4B-00C04F79EFBC}") = "Assembly-CSharp-firstpass", "Assembly-CSharp-firstpass.csproj", "{06604CFA-7CDD-CA30-A8A3-8AAF908EBEDC}"
EndProject
Project("{FAE04EC0-301F-11D3-BF4B-00C04F79EFBC}") = "Assembly-CSharp-Editor", "Assembly-CSharp-Editor.csproj", "{4582BECB-8DED-748F-E71B-4A4A058F5BBF}"
EndProject
Global
	GlobalSection(SolutionConfigurationPlatforms) = preSolution
		Debug|Any CPU = Debug|Any CPU
		Release|Any CPU = Release|Any CPU
	EndGlobalSection
	GlobalSection(ProjectConfigurationPlatforms) = postSolution
		{A9C1B679-F607-748D-2A80-F3270EF22F0C}.Debug|Any CPU.ActiveCfg = Debug|Any CPU
		{A9C1B679-F607-748D-2A80-F3270EF22F0C}.Debug|Any CPU.Build.0 = Debug|Any CPU
		{A9C1B679-F607-748D-2A80-F3270EF22F0C}.Release|Any CPU.ActiveCfg = Release|Any CPU
		{A9C1B679-F607-748D-2A80-F3270EF22F0C}.Release|Any CPU.Build.0 = Release|Any CPU
		{06604CFA-7CDD-CA30-A8A3-8AAF908EBEDC}.Debug|Any CPU.ActiveCfg = Debug|Any CPU
		{06604CFA-7CDD-CA30-A8A3-8AAF908EBEDC}.Debug|Any CPU.Build.0 = Debug|Any CPU
		{06604CFA-7CDD-CA30-A8A3-8AAF908EBEDC}.Release|Any CPU.ActiveCfg = Release|Any CPU
		{06604CFA-7CDD-CA30-A8A3-8AAF908EBEDC}.Release|Any CPU.Build.0 = Release|Any CPU
		{4582BECB-8DED-748F-E71B-4A4A058F5BBF}.Debug|Any CPU.ActiveCfg = Debug|Any CPU
		{4582BECB-8DED-748F-E71B-4A4A058F5BBF}.Debug|Any CPU.Build.0 = Debug|Any CPU
		{4582BECB-8DED-748F-E71B-4A4A058F5BBF}.Release|Any CPU.ActiveCfg = Release|Any CPU
		{4582BECB-8DED-748F-E71B-4A4A058F5BBF}.Release|Any CPU.Build.0 = Release|Any CPU
	EndGlobalSection
	GlobalSection(SolutionProperties) = preSolution
		HideSolutionNode = FALSE
	EndGlobalSection
EndGlobal
